
Microsoft Visual Studio Solution File, Format Version 12.00
# Visual Studio 2013
VisualStudioVersion = 12.0.40629.0
MinimumVisualStudioVersion = 10.0.40219.1
Project("{FAE04EC0-301F-11D3-BF4B-00C04F79EFBC}") = "Billing", "Billing\Billing.csproj", "{DD65FF04-5BB2-4545-ADCF-3A5F282C9DFC}"
EndProject
Project("{FAE04EC0-301F-11D3-BF4B-00C04F79EFBC}") = "DAL", "DAL\DAL.csproj", "{4A785257-21B6-40A0-AC4A-C60B48BFF7EE}"
EndProject
Project("{FAE04EC0-301F-11D3-BF4B-00C04F79EFBC}") = "Entities", "Entities\Entities.csproj", "{49EB3D51-990E-4A23-9969-FC1B14C92FA7}"
EndProject
Global
	GlobalSection(SolutionConfigurationPlatforms) = preSolution
		Debug|Any CPU = Debug|Any CPU
		Release|Any CPU = Release|Any CPU
	EndGlobalSection
	GlobalSection(ProjectConfigurationPlatforms) = postSolution
		{DD65FF04-5BB2-4545-ADCF-3A5F282C9DFC}.Debug|Any CPU.ActiveCfg = Debug|Any CPU
		{DD65FF04-5BB2-4545-ADCF-3A5F282C9DFC}.Debug|Any CPU.Build.0 = Debug|Any CPU
		{DD65FF04-5BB2-4545-ADCF-3A5F282C9DFC}.Release|Any CPU.ActiveCfg = Release|Any CPU
		{DD65FF04-5BB2-4545-ADCF-3A5F282C9DFC}.Release|Any CPU.Build.0 = Release|Any CPU
		{4A785257-21B6-40A0-AC4A-C60B48BFF7EE}.Debug|Any CPU.ActiveCfg = Debug|Any CPU
		{4A785257-21B6-40A0-AC4A-C60B48BFF7EE}.Debug|Any CPU.Build.0 = Debug|Any CPU
		{4A785257-21B6-40A0-AC4A-C60B48BFF7EE}.Release|Any CPU.ActiveCfg = Release|Any CPU
		{4A785257-21B6-40A0-AC4A-C60B48BFF7EE}.Release|Any CPU.Build.0 = Release|Any CPU
		{49EB3D51-990E-4A23-9969-FC1B14C92FA7}.Debug|Any CPU.ActiveCfg = Debug|Any CPU
		{49EB3D51-990E-4A23-9969-FC1B14C92FA7}.Debug|Any CPU.Build.0 = Debug|Any CPU
		{49EB3D51-990E-4A23-9969-FC1B14C92FA7}.Release|Any CPU.ActiveCfg = Release|Any CPU
		{49EB3D51-990E-4A23-9969-FC1B14C92FA7}.Release|Any CPU.Build.0 = Release|Any CPU
	EndGlobalSection
	GlobalSection(SolutionProperties) = preSolution
		HideSolutionNode = FALSE
	EndGlobalSection
EndGlobal
